// !$*UTF8*$!
{
	archiveVersion = 1;
	classes = {
	};
	objectVersion = 46;
	objects = {

/* Begin PBXBuildFile section */
		B1732CD61A00591F00BB519A /* main.m in Sources */ = {isa = PBXBuildFile; fileRef = B1732CD51A00591F00BB519A /* main.m */; };
		B1732CD91A00591F00BB519A /* AppDelegate.m in Sources */ = {isa = PBXBuildFile; fileRef = B1732CD81A00591F00BB519A /* AppDelegate.m */; };
		B1732CDC1A00591F00BB519A /* ViewController.m in Sources */ = {isa = PBXBuildFile; fileRef = B1732CDB1A00591F00BB519A /* ViewController.m */; };
		B1732CDF1A00591F00BB519A /* Main.storyboard in Resources */ = {isa = PBXBuildFile; fileRef = B1732CDD1A00591F00BB519A /* Main.storyboard */; };
		B1732CE11A00591F00BB519A /* Images.xcassets in Resources */ = {isa = PBXBuildFile; fileRef = B1732CE01A00591F00BB519A /* Images.xcassets */; };
		B1732CE41A00591F00BB519A /* LaunchScreen.xib in Resources */ = {isa = PBXBuildFile; fileRef = B1732CE21A00591F00BB519A /* LaunchScreen.xib */; };
		B1732CF01A00591F00BB519A /* TaxCalculatorTests.m in Sources */ = {isa = PBXBuildFile; fileRef = B1732CEF1A00591F00BB519A /* TaxCalculatorTests.m */; };
/* End PBXBuildFile section */

/* Begin PBXContainerItemProxy section */
		B1732CEA1A00591F00BB519A /* PBXContainerItemProxy */ = {
			isa = PBXContainerItemProxy;
			containerPortal = B1732CC81A00591F00BB519A /* Project object */;
			proxyType = 1;
			remoteGlobalIDString = B1732CCF1A00591F00BB519A;
			remoteInfo = TaxCalculator;
		};
/* End PBXContainerItemProxy section */

/* Begin PBXFileReference section */
		B1732CD01A00591F00BB519A /* TaxCalculator.app */ = {isa = PBXFileReference; explicitFileType = wrapper.application; includeInIndex = 0; path = TaxCalculator.app; sourceTree = BUILT_PRODUCTS_DIR; };
		B1732CD41A00591F00BB519A /* Info.plist */ = {isa = PBXFileReference; lastKnownFileType = text.plist.xml; path = Info.plist; sourceTree = "<group>"; };
		B1732CD51A00591F00BB519A /* main.m */ = {isa = PBXFileReference; lastKnownFileType = sourcecode.c.objc; path = main.m; sourceTree = "<group>"; };
		B1732CD71A00591F00BB519A /* AppDelegate.h */ = {isa = PBXFileReference; lastKnownFileType = sourcecode.c.h; path = AppDelegate.h; sourceTree = "<group>"; };
		B1732CD81A00591F00BB519A /* AppDelegate.m */ = {isa = PBXFileReference; lastKnownFileType = sourcecode.c.objc; path = AppDelegate.m; sourceTree = "<group>"; };
		B1732CDA1A00591F00BB519A /* ViewController.h */ = {isa = PBXFileReference; lastKnownFileType = sourcecode.c.h; path = ViewController.h; sourceTree = "<group>"; };
		B1732CDB1A00591F00BB519A /* ViewController.m */ = {isa = PBXFileReference; lastKnownFileType = sourcecode.c.objc; path = ViewController.m; sourceTree = "<group>"; };
		B1732CDE1A00591F00BB519A /* Base */ = {isa = PBXFileReference; lastKnownFileType = file.storyboard; name = Base; path = Base.lproj/Main.storyboard; sourceTree = "<group>"; };
		B1732CE01A00591F00BB519A /* Images.xcassets */ = {isa = PBXFileReference; lastKnownFileType = folder.assetcatalog; path = Images.xcassets; sourceTree = "<group>"; };
		B1732CE31A00591F00BB519A /* Base */ = {isa = PBXFileReference; lastKnownFileType = file.xib; name = Base; path = Base.lproj/LaunchScreen.xib; sourceTree = "<group>"; };
		B1732CE91A00591F00BB519A /* TaxCalculatorTests.xctest */ = {isa = PBXFileReference; explicitFileType = wrapper.cfbundle; includeInIndex = 0; path = TaxCalculatorTests.xctest; sourceTree = BUILT_PRODUCTS_DIR; };
		B1732CEE1A00591F00BB519A /* Info.plist */ = {isa = PBXFileReference; lastKnownFileType = text.plist.xml; path = Info.plist; sourceTree = "<group>"; };
		B1732CEF1A00591F00BB519A /* TaxCalculatorTests.m */ = {isa = PBXFileReference; lastKnownFileType = sourcecode.c.objc; path = TaxCalculatorTests.m; sourceTree = "<group>"; };
/* End PBXFileReference section */

/* Begin PBXFrameworksBuildPhase section */
		B1732CCD1A00591F00BB519A /* Frameworks */ = {
			isa = PBXFrameworksBuildPhase;
			buildActionMask = 2147483647;
			files = (
			);
			runOnlyForDeploymentPostprocessing = 0;
		};
		B1732CE61A00591F00BB519A /* Frameworks */ = {
			isa = PBXFrameworksBuildPhase;
			buildActionMask = 2147483647;
			files = (
			);
			runOnlyForDeploymentPostprocessing = 0;
		};
/* End PBXFrameworksBuildPhase section */

/* Begin PBXGroup section */
		B1732CC71A00591F00BB519A = {
			isa = PBXGroup;
			children = (
				B1732CD21A00591F00BB519A /* TaxCalculator */,
				B1732CEC1A00591F00BB519A /* TaxCalculatorTests */,
				B1732CD11A00591F00BB519A /* Products */,
			);
			sourceTree = "<group>";
		};
		B1732CD11A00591F00BB519A /* Products */ = {
			isa = PBXGroup;
			children = (
				B1732CD01A00591F00BB519A /* TaxCalculator.app */,
				B1732CE91A00591F00BB519A /* TaxCalculatorTests.xctest */,
			);
			name = Products;
			sourceTree = "<group>";
		};
		B1732CD21A00591F00BB519A /* TaxCalculator */ = {
			isa = PBXGroup;
			children = (
				B1732CD71A00591F00BB519A /* AppDelegate.h */,
				B1732CD81A00591F00BB519A /* AppDelegate.m */,
				B1732CDA1A00591F00BB519A /* ViewController.h */,
				B1732CDB1A00591F00BB519A /* ViewController.m */,
				B1732CDD1A00591F00BB519A /* Main.storyboard */,
				B1732CE01A00591F00BB519A /* Images.xcassets */,
				B1732CE21A00591F00BB519A /* LaunchScreen.xib */,
				B1732CD31A00591F00BB519A /* Supporting Files */,
			);
			path = TaxCalculator;
			sourceTree = "<group>";
		};
		B1732CD31A00591F00BB519A /* Supporting Files */ = {
			isa = PBXGroup;
			children = (
				B1732CD41A00591F00BB519A /* Info.plist */,
				B1732CD51A00591F00BB519A /* main.m */,
			);
			name = "Supporting Files";
			sourceTree = "<group>";
		};
		B1732CEC1A00591F00BB519A /* TaxCalculatorTests */ = {
			isa = PBXGroup;
			children = (
				B1732CEF1A00591F00BB519A /* TaxCalculatorTests.m */,
				B1732CED1A00591F00BB519A /* Supporting Files */,
			);
			path = TaxCalculatorTests;
			sourceTree = "<group>";
		};
		B1732CED1A00591F00BB519A /* Supporting Files */ = {
			isa = PBXGroup;
			children = (
				B1732CEE1A00591F00BB519A /* Info.plist */,
			);
			name = "Supporting Files";
			sourceTree = "<group>";
		};
/* End PBXGroup section */

/* Begin PBXNativeTarget section */
		B1732CCF1A00591F00BB519A /* TaxCalculator */ = {
			isa = PBXNativeTarget;
			buildConfigurationList = B1732CF31A00591F00BB519A /* Build configuration list for PBXNativeTarget "TaxCalculator" */;
			buildPhases = (
				B1732CCC1A00591F00BB519A /* Sources */,
				B1732CCD1A00591F00BB519A /* Frameworks */,
				B1732CCE1A00591F00BB519A /* Resources */,
			);
			buildRules = (
			);
			dependencies = (
			);
			name = TaxCalculator;
			productName = TaxCalculator;
			productReference = B1732CD01A00591F00BB519A /* TaxCalculator.app */;
			productType = "com.apple.product-type.application";
		};
		B1732CE81A00591F00BB519A /* TaxCalculatorTests */ = {
			isa = PBXNativeTarget;
			buildConfigurationList = B1732CF61A00591F00BB519A /* Build configuration list for PBXNativeTarget "TaxCalculatorTests" */;
			buildPhases = (
				B1732CE51A00591F00BB519A /* Sources */,
				B1732CE61A00591F00BB519A /* Frameworks */,
				B1732CE71A00591F00BB519A /* Resources */,
			);
			buildRules = (
			);
			dependencies = (
				B1732CEB1A00591F00BB519A /* PBXTargetDependency */,
			);
			name = TaxCalculatorTests;
			productName = TaxCalculatorTests;
			productReference = B1732CE91A00591F00BB519A /* TaxCalculatorTests.xctest */;
			productType = "com.apple.product-type.bundle.unit-test";
		};
/* End PBXNativeTarget section */

/* Begin PBXProject section */
		B1732CC81A00591F00BB519A /* Project object */ = {
			isa = PBXProject;
			attributes = {
				LastUpgradeCheck = 0610;
				ORGANIZATIONNAME = MobileMakers;
				TargetAttributes = {
					B1732CCF1A00591F00BB519A = {
						CreatedOnToolsVersion = 6.1;
					};
					B1732CE81A00591F00BB519A = {
						CreatedOnToolsVersion = 6.1;
						TestTargetID = B1732CCF1A00591F00BB519A;
					};
				};
			};
			buildConfigurationList = B1732CCB1A00591F00BB519A /* Build configuration list for PBXProject "TaxCalculator" */;
			compatibilityVersion = "Xcode 3.2";
			developmentRegion = English;
			hasScannedForEncodings = 0;
			knownRegions = (
				en,
				Base,
			);
			mainGroup = B1732CC71A00591F00BB519A;
			productRefGroup = B1732CD11A00591F00BB519A /* Products */;
			projectDirPath = "";
			projectRoot = "";
			targets = (
				B1732CCF1A00591F00BB519A /* TaxCalculator */,
				B1732CE81A00591F00BB519A /* TaxCalculatorTests */,
			);
		};
/* End PBXProject section */

/* Begin PBXResourcesBuildPhase section */
		B1732CCE1A00591F00BB519A /* Resources */ = {
			isa = PBXResourcesBuildPhase;
			buildActionMask = 2147483647;
			files = (
				B1732CDF1A00591F00BB519A /* Main.storyboard in Resources */,
				B1732CE41A00591F00BB519A /* LaunchScreen.xib in Resources */,
				B1732CE11A00591F00BB519A /* Images.xcassets in Resources */,
			);
			runOnlyForDeploymentPostprocessing = 0;
		};
		B1732CE71A00591F00BB519A /* Resources */ = {
			isa = PBXResourcesBuildPhase;
			buildActionMask = 2147483647;
			files = (
			);
			runOnlyForDeploymentPostprocessing = 0;
		};
/* End PBXResourcesBuildPhase section */

/* Begin PBXSourcesBuildPhase section */
		B1732CCC1A00591F00BB519A /* Sources */ = {
			isa = PBXSourcesBuildPhase;
			buildActionMask = 2147483647;
			files = (
				B1732CDC1A00591F00BB519A /* ViewController.m in Sources */,
				B1732CD91A00591F00BB519A /* AppDelegate.m in Sources */,
				B1732CD61A00591F00BB519A /* main.m in Sources */,
			);
			runOnlyForDeploymentPostprocessing = 0;
		};
		B1732CE51A00591F00BB519A /* Sources */ = {
			isa = PBXSourcesBuildPhase;
			buildActionMask = 2147483647;
			files = (
				B1732CF01A00591F00BB519A /* TaxCalculatorTests.m in Sources */,
			);
			runOnlyForDeploymentPostprocessing = 0;
		};
/* End PBXSourcesBuildPhase section */

/* Begin PBXTargetDependency section */
		B1732CEB1A00591F00BB519A /* PBXTargetDependency */ = {
			isa = PBXTargetDependency;
			target = B1732CCF1A00591F00BB519A /* TaxCalculator */;
			targetProxy = B1732CEA1A00591F00BB519A /* PBXContainerItemProxy */;
		};
/* End PBXTargetDependency section */

/* Begin PBXVariantGroup section */
		B1732CDD1A00591F00BB519A /* Main.storyboard */ = {
			isa = PBXVariantGroup;
			children = (
				B1732CDE1A00591F00BB519A /* Base */,
			);
			name = Main.storyboard;
			sourceTree = "<group>";
		};
		B1732CE21A00591F00BB519A /* LaunchScreen.xib */ = {
			isa = PBXVariantGroup;
			children = (
				B1732CE31A00591F00BB519A /* Base */,
			);
			name = LaunchScreen.xib;
			sourceTree = "<group>";
		};
/* End PBXVariantGroup section */

/* Begin XCBuildConfiguration section */
		B1732CF11A00591F00BB519A /* Debug */ = {
			isa = XCBuildConfiguration;
			buildSettings = {
				ALWAYS_SEARCH_USER_PATHS = NO;
				CLANG_CXX_LANGUAGE_STANDARD = "gnu++0x";
				CLANG_CXX_LIBRARY = "libc++";
				CLANG_ENABLE_MODULES = YES;
				CLANG_ENABLE_OBJC_ARC = YES;
				CLANG_WARN_BOOL_CONVERSION = YES;
				CLANG_WARN_CONSTANT_CONVERSION = YES;
				CLANG_WARN_DIRECT_OBJC_ISA_USAGE = YES_ERROR;
				CLANG_WARN_EMPTY_BODY = YES;
				CLANG_WARN_ENUM_CONVERSION = YES;
				CLANG_WARN_INT_CONVERSION = YES;
				CLANG_WARN_OBJC_ROOT_CLASS = YES_ERROR;
				CLANG_WARN_UNREACHABLE_CODE = YES;
				CLANG_WARN__DUPLICATE_METHOD_MATCH = YES;
				"CODE_SIGN_IDENTITY[sdk=iphoneos*]" = "iPhone Developer";
				COPY_PHASE_STRIP = NO;
				ENABLE_STRICT_OBJC_MSGSEND = YES;
				GCC_C_LANGUAGE_STANDARD = gnu99;
				GCC_DYNAMIC_NO_PIC = NO;
				GCC_OPTIMIZATION_LEVEL = 0;
				GCC_PREPROCESSOR_DEFINITIONS = (
					"DEBUG=1",
					"$(inherited)",
				);
				GCC_SYMBOLS_PRIVATE_EXTERN = NO;
				GCC_WARN_64_TO_32_BIT_CONVERSION = YES;
				GCC_WARN_ABOUT_RETURN_TYPE = YES_ERROR;
				GCC_WARN_UNDECLARED_SELECTOR = YES;
				GCC_WARN_UNINITIALIZED_AUTOS = YES_AGGRESSIVE;
				GCC_WARN_UNUSED_FUNCTION = YES;
				GCC_WARN_UNUSED_VARIABLE = YES;
				IPHONEOS_DEPLOYMENT_TARGET = 8.1;
				MTL_ENABLE_DEBUG_INFO = YES;
				ONLY_ACTIVE_ARCH = YES;
				SDKROOT = iphoneos;
			};
			name = Debug;
		};
		B1732CF21A00591F00BB519A /* Release */ = {
			isa = XCBuildConfiguration;
			buildSettings = {
				ALWAYS_SEARCH_USER_PATHS = NO;
				CLANG_CXX_LANGUAGE_STANDARD = "gnu++0x";
				CLANG_CXX_LIBRARY = "libc++";
				CLANG_ENABLE_MODULES = YES;
				CLANG_ENABLE_OBJC_ARC = YES;
				CLANG_WARN_BOOL_CONVERSION = YES;
				CLANG_WARN_CONSTANT_CONVERSION = YES;
				CLANG_WARN_DIRECT_OBJC_ISA_USAGE = YES_ERROR;
				CLANG_WARN_EMPTY_BODY = YES;
				CLANG_WARN_ENUM_CONVERSION = YES;
				CLANG_WARN_INT_CONVERSION = YES;
				CLANG_WARN_OBJC_ROOT_CLASS = YES_ERROR;
				CLANG_WARN_UNREACHABLE_CODE = YES;
				CLANG_WARN__DUPLICATE_METHOD_MATCH = YES;
				"CODE_SIGN_IDENTITY[sdk=iphoneos*]" = "iPhone Developer";
				COPY_PHASE_STRIP = YES;
				ENABLE_NS_ASSERTIONS = NO;
				ENABLE_STRICT_OBJC_MSGSEND = YES;
				GCC_C_LANGUAGE_STANDARD = gnu99;
				GCC_WARN_64_TO_32_BIT_CONVERSION = YES;
				GCC_WARN_ABOUT_RETURN_TYPE = YES_ERROR;
				GCC_WARN_UNDECLARED_SELECTOR = YES;
				GCC_WARN_UNINITIALIZED_AUTOS = YES_AGGRESSIVE;
				GCC_WARN_UNUSED_FUNCTION = YES;
				GCC_WARN_UNUSED_VARIABLE = YES;
				IPHONEOS_DEPLOYMENT_TARGET = 8.1;
				MTL_ENABLE_DEBUG_INFO = NO;
				SDKROOT = iphoneos;
				VALIDATE_PRODUCT = YES;
			};
			name = Release;
		};
		B1732CF41A00591F00BB519A /* Debug */ = {
			isa = XCBuildConfiguration;
			buildSettings = {
				ASSETCATALOG_COMPILER_APPICON_NAME = AppIcon;
				INFOPLIST_FILE = TaxCalculator/Info.plist;
				LD_RUNPATH_SEARCH_PATHS = "$(inherited) @executable_path/Frameworks";
				PRODUCT_NAME = "$(TARGET_NAME)";
			};
			name = Debug;
		};
		B1732CF51A00591F00BB519A /* Release */ = {
			isa = XCBuildConfiguration;
			buildSettings = {
				ASSETCATALOG_COMPILER_APPICON_NAME = AppIcon;
				INFOPLIST_FILE = TaxCalculator/Info.plist;
				LD_RUNPATH_SEARCH_PATHS = "$(inherited) @executable_path/Frameworks";
				PRODUCT_NAME = "$(TARGET_NAME)";
			};
			name = Release;
		};
		B1732CF71A00591F00BB519A /* Debug */ = {
			isa = XCBuildConfiguration;
			buildSettings = {
				BUNDLE_LOADER = "$(TEST_HOST)";
				FRAMEWORK_SEARCH_PATHS = (
					"$(SDKROOT)/Developer/Library/Frameworks",
					"$(inherited)",
				);
				GCC_PREPROCESSOR_DEFINITIONS = (
					"DEBUG=1",
					"$(inherited)",
				);
				INFOPLIST_FILE = TaxCalculatorTests/Info.plist;
				LD_RUNPATH_SEARCH_PATHS = "$(inherited) @executable_path/Frameworks @loader_path/Frameworks";
				PRODUCT_NAME = "$(TARGET_NAME)";
				TEST_HOST = "$(BUILT_PRODUCTS_DIR)/TaxCalculator.app/TaxCalculator";
			};
			name = Debug;
		};
		B1732CF81A00591F00BB519A /* Release */ = {
			isa = XCBuildConfiguration;
			buildSettings = {
				BUNDLE_LOADER = "$(TEST_HOST)";
				FRAMEWORK_SEARCH_PATHS = (
					"$(SDKROOT)/Developer/Library/Frameworks",
					"$(inherited)",
				);
				INFOPLIST_FILE = TaxCalculatorTests/Info.plist;
				LD_RUNPATH_SEARCH_PATHS = "$(inherited) @executable_path/Frameworks @loader_path/Frameworks";
				PRODUCT_NAME = "$(TARGET_NAME)";
				TEST_HOST = "$(BUILT_PRODUCTS_DIR)/TaxCalculator.app/TaxCalculator";
			};
			name = Release;
		};
/* End XCBuildConfiguration section */

/* Begin XCConfigurationList section */
		B1732CCB1A00591F00BB519A /* Build configuration list for PBXProject "TaxCalculator" */ = {
			isa = XCConfigurationList;
			buildConfigurations = (
				B1732CF11A00591F00BB519A /* Debug */,
				B1732CF21A00591F00BB519A /* Release */,
			);
			defaultConfigurationIsVisible = 0;
			defaultConfigurationName = Release;
		};
		B1732CF31A00591F00BB519A /* Build configuration list for PBXNativeTarget "TaxCalculator" */ = {
			isa = XCConfigurationList;
			buildConfigurations = (
				B1732CF41A00591F00BB519A /* Debug */,
				B1732CF51A00591F00BB519A /* Release */,
			);
			defaultConfigurationIsVisible = 0;
		};
		B1732CF61A00591F00BB519A /* Build configuration list for PBXNativeTarget "TaxCalculatorTests" */ = {
			isa = XCConfigurationList;
			buildConfigurations = (
				B1732CF71A00591F00BB519A /* Debug */,
				B1732CF81A00591F00BB519A /* Release */,
			);
			defaultConfigurationIsVisible = 0;
		};
/* End XCConfigurationList section */
	};
	rootObject = B1732CC81A00591F00BB519A /* Project object */;
}
